// !$*UTF8*$!
{
	archiveVersion = 1;
	classes = {
	};
	objectVersion = 56;
	objects = {

/* Begin PBXBuildFile section */
		0A3C083D2A78DD8F00E64B14 /* PiggyWingsApp.swift in Sources */ = {isa = PBXBuildFile; fileRef = 0A3C083C2A78DD8F00E64B14 /* PiggyWingsApp.swift */; };
		0A3C083F2A78DD8F00E64B14 /* Historial.swift in Sources */ = {isa = PBXBuildFile; fileRef = 0A3C083E2A78DD8F00E64B14 /* Historial.swift */; };
		0A3C08412A78DD9100E64B14 /* Assets.xcassets in Resources */ = {isa = PBXBuildFile; fileRef = 0A3C08402A78DD9100E64B14 /* Assets.xcassets */; };
		0A3C08442A78DD9100E64B14 /* Preview Assets.xcassets in Resources */ = {isa = PBXBuildFile; fileRef = 0A3C08432A78DD9100E64B14 /* Preview Assets.xcassets */; };
		0A3C08462A78DD9100E64B14 /* Persistence.swift in Sources */ = {isa = PBXBuildFile; fileRef = 0A3C08452A78DD9100E64B14 /* Persistence.swift */; };
		0A3C08492A78DD9100E64B14 /* PiggyWings.xcdatamodeld in Sources */ = {isa = PBXBuildFile; fileRef = 0A3C08472A78DD9100E64B14 /* PiggyWings.xcdatamodeld */; };
		0A3C08532A78DD9100E64B14 /* PiggyWingsTests.swift in Sources */ = {isa = PBXBuildFile; fileRef = 0A3C08522A78DD9100E64B14 /* PiggyWingsTests.swift */; };
		0A3C085D2A78DD9100E64B14 /* PiggyWingsUITests.swift in Sources */ = {isa = PBXBuildFile; fileRef = 0A3C085C2A78DD9100E64B14 /* PiggyWingsUITests.swift */; };
		0A3C085F2A78DD9100E64B14 /* PiggyWingsUITestsLaunchTests.swift in Sources */ = {isa = PBXBuildFile; fileRef = 0A3C085E2A78DD9100E64B14 /* PiggyWingsUITestsLaunchTests.swift */; };
		0A3C086D2A78E0E000E64B14 /* CustomTabBar.swift in Sources */ = {isa = PBXBuildFile; fileRef = 0A3C086C2A78E0E000E64B14 /* CustomTabBar.swift */; };
		0A3C086F2A78E13900E64B14 /* RootView.swift in Sources */ = {isa = PBXBuildFile; fileRef = 0A3C086E2A78E13900E64B14 /* RootView.swift */; };
		0A3C08732A78E2B500E64B14 /* Resumen.swift in Sources */ = {isa = PBXBuildFile; fileRef = 0A3C08722A78E2B500E64B14 /* Resumen.swift */; };
		0A3C08752A78E2D200E64B14 /* TabBarButton.swift in Sources */ = {isa = PBXBuildFile; fileRef = 0A3C08742A78E2D200E64B14 /* TabBarButton.swift */; };
		0A3C08772A78E37D00E64B14 /* NuevaTransaccionView.swift in Sources */ = {isa = PBXBuildFile; fileRef = 0A3C08762A78E37D00E64B14 /* NuevaTransaccionView.swift */; };
		0AA649462A80585700557E11 /* NewTransaccion+CoreDataClass.swift in Sources */ = {isa = PBXBuildFile; fileRef = 0AA649442A80585700557E11 /* NewTransaccion+CoreDataClass.swift */; };
		0AA649472A80585700557E11 /* NewTransaccion+CoreDataProperties.swift in Sources */ = {isa = PBXBuildFile; fileRef = 0AA649452A80585700557E11 /* NewTransaccion+CoreDataProperties.swift */; };
		0AA649492A80722600557E11 /* Configuracion.swift in Sources */ = {isa = PBXBuildFile; fileRef = 0AA649482A80722600557E11 /* Configuracion.swift */; };
/* End PBXBuildFile section */

/* Begin PBXContainerItemProxy section */
		0A3C084F2A78DD9100E64B14 /* PBXContainerItemProxy */ = {
			isa = PBXContainerItemProxy;
			containerPortal = 0A3C08312A78DD8F00E64B14 /* Project object */;
			proxyType = 1;
			remoteGlobalIDString = 0A3C08382A78DD8F00E64B14;
			remoteInfo = PiggyWings;
		};
		0A3C08592A78DD9100E64B14 /* PBXContainerItemProxy */ = {
			isa = PBXContainerItemProxy;
			containerPortal = 0A3C08312A78DD8F00E64B14 /* Project object */;
			proxyType = 1;
			remoteGlobalIDString = 0A3C08382A78DD8F00E64B14;
			remoteInfo = PiggyWings;
		};
/* End PBXContainerItemProxy section */

/* Begin PBXFileReference section */
		0A3C08392A78DD8F00E64B14 /* PiggyWings.app */ = {isa = PBXFileReference; explicitFileType = wrapper.application; includeInIndex = 0; path = PiggyWings.app; sourceTree = BUILT_PRODUCTS_DIR; };
		0A3C083C2A78DD8F00E64B14 /* PiggyWingsApp.swift */ = {isa = PBXFileReference; lastKnownFileType = sourcecode.swift; path = PiggyWingsApp.swift; sourceTree = "<group>"; };
		0A3C083E2A78DD8F00E64B14 /* Historial.swift */ = {isa = PBXFileReference; lastKnownFileType = sourcecode.swift; path = Historial.swift; sourceTree = "<group>"; };
		0A3C08402A78DD9100E64B14 /* Assets.xcassets */ = {isa = PBXFileReference; lastKnownFileType = folder.assetcatalog; path = Assets.xcassets; sourceTree = "<group>"; };
		0A3C08432A78DD9100E64B14 /* Preview Assets.xcassets */ = {isa = PBXFileReference; lastKnownFileType = folder.assetcatalog; path = "Preview Assets.xcassets"; sourceTree = "<group>"; };
		0A3C08452A78DD9100E64B14 /* Persistence.swift */ = {isa = PBXFileReference; lastKnownFileType = sourcecode.swift; path = Persistence.swift; sourceTree = "<group>"; };
		0A3C08482A78DD9100E64B14 /* PiggyWings.xcdatamodel */ = {isa = PBXFileReference; lastKnownFileType = wrapper.xcdatamodel; path = PiggyWings.xcdatamodel; sourceTree = "<group>"; };
		0A3C084E2A78DD9100E64B14 /* PiggyWingsTests.xctest */ = {isa = PBXFileReference; explicitFileType = wrapper.cfbundle; includeInIndex = 0; path = PiggyWingsTests.xctest; sourceTree = BUILT_PRODUCTS_DIR; };
		0A3C08522A78DD9100E64B14 /* PiggyWingsTests.swift */ = {isa = PBXFileReference; lastKnownFileType = sourcecode.swift; path = PiggyWingsTests.swift; sourceTree = "<group>"; };
		0A3C08582A78DD9100E64B14 /* PiggyWingsUITests.xctest */ = {isa = PBXFileReference; explicitFileType = wrapper.cfbundle; includeInIndex = 0; path = PiggyWingsUITests.xctest; sourceTree = BUILT_PRODUCTS_DIR; };
		0A3C085C2A78DD9100E64B14 /* PiggyWingsUITests.swift */ = {isa = PBXFileReference; lastKnownFileType = sourcecode.swift; path = PiggyWingsUITests.swift; sourceTree = "<group>"; };
		0A3C085E2A78DD9100E64B14 /* PiggyWingsUITestsLaunchTests.swift */ = {isa = PBXFileReference; lastKnownFileType = sourcecode.swift; path = PiggyWingsUITestsLaunchTests.swift; sourceTree = "<group>"; };
		0A3C086C2A78E0E000E64B14 /* CustomTabBar.swift */ = {isa = PBXFileReference; lastKnownFileType = sourcecode.swift; path = CustomTabBar.swift; sourceTree = "<group>"; };
		0A3C086E2A78E13900E64B14 /* RootView.swift */ = {isa = PBXFileReference; lastKnownFileType = sourcecode.swift; path = RootView.swift; sourceTree = "<group>"; };
		0A3C08722A78E2B500E64B14 /* Resumen.swift */ = {isa = PBXFileReference; lastKnownFileType = sourcecode.swift; path = Resumen.swift; sourceTree = "<group>"; };
		0A3C08742A78E2D200E64B14 /* TabBarButton.swift */ = {isa = PBXFileReference; lastKnownFileType = sourcecode.swift; path = TabBarButton.swift; sourceTree = "<group>"; };
		0A3C08762A78E37D00E64B14 /* NuevaTransaccionView.swift */ = {isa = PBXFileReference; lastKnownFileType = sourcecode.swift; path = NuevaTransaccionView.swift; sourceTree = "<group>"; };
		0AA649442A80585700557E11 /* NewTransaccion+CoreDataClass.swift */ = {isa = PBXFileReference; lastKnownFileType = sourcecode.swift; path = "NewTransaccion+CoreDataClass.swift"; sourceTree = SOURCE_ROOT; };
		0AA649452A80585700557E11 /* NewTransaccion+CoreDataProperties.swift */ = {isa = PBXFileReference; lastKnownFileType = sourcecode.swift; path = "NewTransaccion+CoreDataProperties.swift"; sourceTree = SOURCE_ROOT; };
		0AA649482A80722600557E11 /* Configuracion.swift */ = {isa = PBXFileReference; lastKnownFileType = sourcecode.swift; path = Configuracion.swift; sourceTree = "<group>"; };
/* End PBXFileReference section */

/* Begin PBXFrameworksBuildPhase section */
		0A3C08362A78DD8F00E64B14 /* Frameworks */ = {
			isa = PBXFrameworksBuildPhase;
			buildActionMask = 2147483647;
			files = (
			);
			runOnlyForDeploymentPostprocessing = 0;
		};
		0A3C084B2A78DD9100E64B14 /* Frameworks */ = {
			isa = PBXFrameworksBuildPhase;
			buildActionMask = 2147483647;
			files = (
			);
			runOnlyForDeploymentPostprocessing = 0;
		};
		0A3C08552A78DD9100E64B14 /* Frameworks */ = {
			isa = PBXFrameworksBuildPhase;
			buildActionMask = 2147483647;
			files = (
			);
			runOnlyForDeploymentPostprocessing = 0;
		};
/* End PBXFrameworksBuildPhase section */

/* Begin PBXGroup section */
		0A3C08302A78DD8F00E64B14 = {
			isa = PBXGroup;
			children = (
				0A3C083B2A78DD8F00E64B14 /* PiggyWings */,
				0A3C08512A78DD9100E64B14 /* PiggyWingsTests */,
				0A3C085B2A78DD9100E64B14 /* PiggyWingsUITests */,
				0A3C083A2A78DD8F00E64B14 /* Products */,
			);
			sourceTree = "<group>";
		};
		0A3C083A2A78DD8F00E64B14 /* Products */ = {
			isa = PBXGroup;
			children = (
				0A3C08392A78DD8F00E64B14 /* PiggyWings.app */,
				0A3C084E2A78DD9100E64B14 /* PiggyWingsTests.xctest */,
				0A3C08582A78DD9100E64B14 /* PiggyWingsUITests.xctest */,
			);
			name = Products;
			sourceTree = "<group>";
		};
		0A3C083B2A78DD8F00E64B14 /* PiggyWings */ = {
			isa = PBXGroup;
			children = (
				0A3C08802A7ADFD700E64B14 /* DB */,
				0A3C086E2A78E13900E64B14 /* RootView.swift */,
				0A3C08702A78E13E00E64B14 /* Views */,
				0A3C083C2A78DD8F00E64B14 /* PiggyWingsApp.swift */,
				0A3C08402A78DD9100E64B14 /* Assets.xcassets */,
				0A3C08452A78DD9100E64B14 /* Persistence.swift */,
				0A3C08422A78DD9100E64B14 /* Preview Content */,
			);
			path = PiggyWings;
			sourceTree = "<group>";
		};
		0A3C08422A78DD9100E64B14 /* Preview Content */ = {
			isa = PBXGroup;
			children = (
				0A3C08432A78DD9100E64B14 /* Preview Assets.xcassets */,
			);
			path = "Preview Content";
			sourceTree = "<group>";
		};
		0A3C08512A78DD9100E64B14 /* PiggyWingsTests */ = {
			isa = PBXGroup;
			children = (
				0A3C08522A78DD9100E64B14 /* PiggyWingsTests.swift */,
			);
			path = PiggyWingsTests;
			sourceTree = "<group>";
		};
		0A3C085B2A78DD9100E64B14 /* PiggyWingsUITests */ = {
			isa = PBXGroup;
			children = (
				0A3C085C2A78DD9100E64B14 /* PiggyWingsUITests.swift */,
				0A3C085E2A78DD9100E64B14 /* PiggyWingsUITestsLaunchTests.swift */,
			);
			path = PiggyWingsUITests;
			sourceTree = "<group>";
		};
		0A3C086B2A78E0BE00E64B14 /* CustomTabBar */ = {
			isa = PBXGroup;
			children = (
				0A3C086C2A78E0E000E64B14 /* CustomTabBar.swift */,
				0A3C08742A78E2D200E64B14 /* TabBarButton.swift */,
			);
			path = CustomTabBar;
			sourceTree = "<group>";
		};
		0A3C08702A78E13E00E64B14 /* Views */ = {
			isa = PBXGroup;
			children = (
				0A3C08712A78E24500E64B14 /* ButtonViews */,
				0A3C086B2A78E0BE00E64B14 /* CustomTabBar */,
				0AA649482A80722600557E11 /* Configuracion.swift */,
			);
			path = Views;
			sourceTree = "<group>";
		};
		0A3C08712A78E24500E64B14 /* ButtonViews */ = {
			isa = PBXGroup;
			children = (
				0A3C083E2A78DD8F00E64B14 /* Historial.swift */,
				0A3C08722A78E2B500E64B14 /* Resumen.swift */,
				0A3C08762A78E37D00E64B14 /* NuevaTransaccionView.swift */,
			);
			path = ButtonViews;
			sourceTree = "<group>";
		};
		0A3C08802A7ADFD700E64B14 /* DB */ = {
			isa = PBXGroup;
			children = (
				0AA649442A80585700557E11 /* NewTransaccion+CoreDataClass.swift */,
				0AA649452A80585700557E11 /* NewTransaccion+CoreDataProperties.swift */,
				0A3C08472A78DD9100E64B14 /* PiggyWings.xcdatamodeld */,
			);
			path = DB;
			sourceTree = "<group>";
		};
/* End PBXGroup section */

/* Begin PBXNativeTarget section */
		0A3C08382A78DD8F00E64B14 /* PiggyWings */ = {
			isa = PBXNativeTarget;
			buildConfigurationList = 0A3C08622A78DD9100E64B14 /* Build configuration list for PBXNativeTarget "PiggyWings" */;
			buildPhases = (
				0A3C08352A78DD8F00E64B14 /* Sources */,
				0A3C08362A78DD8F00E64B14 /* Frameworks */,
				0A3C08372A78DD8F00E64B14 /* Resources */,
			);
			buildRules = (
			);
			dependencies = (
			);
			name = PiggyWings;
			productName = PiggyWings;
			productReference = 0A3C08392A78DD8F00E64B14 /* PiggyWings.app */;
			productType = "com.apple.product-type.application";
		};
		0A3C084D2A78DD9100E64B14 /* PiggyWingsTests */ = {
			isa = PBXNativeTarget;
			buildConfigurationList = 0A3C08652A78DD9100E64B14 /* Build configuration list for PBXNativeTarget "PiggyWingsTests" */;
			buildPhases = (
				0A3C084A2A78DD9100E64B14 /* Sources */,
				0A3C084B2A78DD9100E64B14 /* Frameworks */,
				0A3C084C2A78DD9100E64B14 /* Resources */,
			);
			buildRules = (
			);
			dependencies = (
				0A3C08502A78DD9100E64B14 /* PBXTargetDependency */,
			);
			name = PiggyWingsTests;
			productName = PiggyWingsTests;
			productReference = 0A3C084E2A78DD9100E64B14 /* PiggyWingsTests.xctest */;
			productType = "com.apple.product-type.bundle.unit-test";
		};
		0A3C08572A78DD9100E64B14 /* PiggyWingsUITests */ = {
			isa = PBXNativeTarget;
			buildConfigurationList = 0A3C08682A78DD9100E64B14 /* Build configuration list for PBXNativeTarget "PiggyWingsUITests" */;
			buildPhases = (
				0A3C08542A78DD9100E64B14 /* Sources */,
				0A3C08552A78DD9100E64B14 /* Frameworks */,
				0A3C08562A78DD9100E64B14 /* Resources */,
			);
			buildRules = (
			);
			dependencies = (
				0A3C085A2A78DD9100E64B14 /* PBXTargetDependency */,
			);
			name = PiggyWingsUITests;
			productName = PiggyWingsUITests;
			productReference = 0A3C08582A78DD9100E64B14 /* PiggyWingsUITests.xctest */;
			productType = "com.apple.product-type.bundle.ui-testing";
		};
/* End PBXNativeTarget section */

/* Begin PBXProject section */
		0A3C08312A78DD8F00E64B14 /* Project object */ = {
			isa = PBXProject;
			attributes = {
				BuildIndependentTargetsInParallel = 1;
				LastSwiftUpdateCheck = 1430;
				LastUpgradeCheck = 1430;
				TargetAttributes = {
					0A3C08382A78DD8F00E64B14 = {
						CreatedOnToolsVersion = 14.3.1;
					};
					0A3C084D2A78DD9100E64B14 = {
						CreatedOnToolsVersion = 14.3.1;
						TestTargetID = 0A3C08382A78DD8F00E64B14;
					};
					0A3C08572A78DD9100E64B14 = {
						CreatedOnToolsVersion = 14.3.1;
						TestTargetID = 0A3C08382A78DD8F00E64B14;
					};
				};
			};
			buildConfigurationList = 0A3C08342A78DD8F00E64B14 /* Build configuration list for PBXProject "PiggyWings" */;
			compatibilityVersion = "Xcode 14.0";
			developmentRegion = en;
			hasScannedForEncodings = 0;
			knownRegions = (
				en,
				Base,
			);
			mainGroup = 0A3C08302A78DD8F00E64B14;
			productRefGroup = 0A3C083A2A78DD8F00E64B14 /* Products */;
			projectDirPath = "";
			projectRoot = "";
			targets = (
				0A3C08382A78DD8F00E64B14 /* PiggyWings */,
				0A3C084D2A78DD9100E64B14 /* PiggyWingsTests */,
				0A3C08572A78DD9100E64B14 /* PiggyWingsUITests */,
			);
		};
/* End PBXProject section */

/* Begin PBXResourcesBuildPhase section */
		0A3C08372A78DD8F00E64B14 /* Resources */ = {
			isa = PBXResourcesBuildPhase;
			buildActionMask = 2147483647;
			files = (
				0A3C08442A78DD9100E64B14 /* Preview Assets.xcassets in Resources */,
				0A3C08412A78DD9100E64B14 /* Assets.xcassets in Resources */,
			);
			runOnlyForDeploymentPostprocessing = 0;
		};
		0A3C084C2A78DD9100E64B14 /* Resources */ = {
			isa = PBXResourcesBuildPhase;
			buildActionMask = 2147483647;
			files = (
			);
			runOnlyForDeploymentPostprocessing = 0;
		};
		0A3C08562A78DD9100E64B14 /* Resources */ = {
			isa = PBXResourcesBuildPhase;
			buildActionMask = 2147483647;
			files = (
			);
			runOnlyForDeploymentPostprocessing = 0;
		};
/* End PBXResourcesBuildPhase section */

/* Begin PBXSourcesBuildPhase section */
		0A3C08352A78DD8F00E64B14 /* Sources */ = {
			isa = PBXSourcesBuildPhase;
			buildActionMask = 2147483647;
			files = (
				0A3C08462A78DD9100E64B14 /* Persistence.swift in Sources */,
				0AA649492A80722600557E11 /* Configuracion.swift in Sources */,
				0AA649472A80585700557E11 /* NewTransaccion+CoreDataProperties.swift in Sources */,
				0A3C086D2A78E0E000E64B14 /* CustomTabBar.swift in Sources */,
				0A3C086F2A78E13900E64B14 /* RootView.swift in Sources */,
				0A3C083F2A78DD8F00E64B14 /* Historial.swift in Sources */,
				0AA649462A80585700557E11 /* NewTransaccion+CoreDataClass.swift in Sources */,
				0A3C083D2A78DD8F00E64B14 /* PiggyWingsApp.swift in Sources */,
				0A3C08772A78E37D00E64B14 /* NuevaTransaccionView.swift in Sources */,
				0A3C08752A78E2D200E64B14 /* TabBarButton.swift in Sources */,
				0A3C08492A78DD9100E64B14 /* PiggyWings.xcdatamodeld in Sources */,
				0A3C08732A78E2B500E64B14 /* Resumen.swift in Sources */,
			);
			runOnlyForDeploymentPostprocessing = 0;
		};
		0A3C084A2A78DD9100E64B14 /* Sources */ = {
			isa = PBXSourcesBuildPhase;
			buildActionMask = 2147483647;
			files = (
				0A3C08532A78DD9100E64B14 /* PiggyWingsTests.swift in Sources */,
			);
			runOnlyForDeploymentPostprocessing = 0;
		};
		0A3C08542A78DD9100E64B14 /* Sources */ = {
			isa = PBXSourcesBuildPhase;
			buildActionMask = 2147483647;
			files = (
				0A3C085F2A78DD9100E64B14 /* PiggyWingsUITestsLaunchTests.swift in Sources */,
				0A3C085D2A78DD9100E64B14 /* PiggyWingsUITests.swift in Sources */,
			);
			runOnlyForDeploymentPostprocessing = 0;
		};
/* End PBXSourcesBuildPhase section */

/* Begin PBXTargetDependency section */
		0A3C08502A78DD9100E64B14 /* PBXTargetDependency */ = {
			isa = PBXTargetDependency;
			target = 0A3C08382A78DD8F00E64B14 /* PiggyWings */;
			targetProxy = 0A3C084F2A78DD9100E64B14 /* PBXContainerItemProxy */;
		};
		0A3C085A2A78DD9100E64B14 /* PBXTargetDependency */ = {
			isa = PBXTargetDependency;
			target = 0A3C08382A78DD8F00E64B14 /* PiggyWings */;
			targetProxy = 0A3C08592A78DD9100E64B14 /* PBXContainerItemProxy */;
		};
/* End PBXTargetDependency section */

/* Begin XCBuildConfiguration section */
		0A3C08602A78DD9100E64B14 /* Debug */ = {
			isa = XCBuildConfiguration;
			buildSettings = {
				ALWAYS_SEARCH_USER_PATHS = NO;
				CLANG_ANALYZER_NONNULL = YES;
				CLANG_ANALYZER_NUMBER_OBJECT_CONVERSION = YES_AGGRESSIVE;
				CLANG_CXX_LANGUAGE_STANDARD = "gnu++20";
				CLANG_ENABLE_MODULES = YES;
				CLANG_ENABLE_OBJC_ARC = YES;
				CLANG_ENABLE_OBJC_WEAK = YES;
				CLANG_WARN_BLOCK_CAPTURE_AUTORELEASING = YES;
				CLANG_WARN_BOOL_CONVERSION = YES;
				CLANG_WARN_COMMA = YES;
				CLANG_WARN_CONSTANT_CONVERSION = YES;
				CLANG_WARN_DEPRECATED_OBJC_IMPLEMENTATIONS = YES;
				CLANG_WARN_DIRECT_OBJC_ISA_USAGE = YES_ERROR;
				CLANG_WARN_DOCUMENTATION_COMMENTS = YES;
				CLANG_WARN_EMPTY_BODY = YES;
				CLANG_WARN_ENUM_CONVERSION = YES;
				CLANG_WARN_INFINITE_RECURSION = YES;
				CLANG_WARN_INT_CONVERSION = YES;
				CLANG_WARN_NON_LITERAL_NULL_CONVERSION = YES;
				CLANG_WARN_OBJC_IMPLICIT_RETAIN_SELF = YES;
				CLANG_WARN_OBJC_LITERAL_CONVERSION = YES;
				CLANG_WARN_OBJC_ROOT_CLASS = YES_ERROR;
				CLANG_WARN_QUOTED_INCLUDE_IN_FRAMEWORK_HEADER = YES;
				CLANG_WARN_RANGE_LOOP_ANALYSIS = YES;
				CLANG_WARN_STRICT_PROTOTYPES = YES;
				CLANG_WARN_SUSPICIOUS_MOVE = YES;
				CLANG_WARN_UNGUARDED_AVAILABILITY = YES_AGGRESSIVE;
				CLANG_WARN_UNREACHABLE_CODE = YES;
				CLANG_WARN__DUPLICATE_METHOD_MATCH = YES;
				COPY_PHASE_STRIP = NO;
				DEBUG_INFORMATION_FORMAT = dwarf;
				ENABLE_STRICT_OBJC_MSGSEND = YES;
				ENABLE_TESTABILITY = YES;
				GCC_C_LANGUAGE_STANDARD = gnu11;
				GCC_DYNAMIC_NO_PIC = NO;
				GCC_NO_COMMON_BLOCKS = YES;
				GCC_OPTIMIZATION_LEVEL = 0;
				GCC_PREPROCESSOR_DEFINITIONS = (
					"DEBUG=1",
					"$(inherited)",
				);
				GCC_WARN_64_TO_32_BIT_CONVERSION = YES;
				GCC_WARN_ABOUT_RETURN_TYPE = YES_ERROR;
				GCC_WARN_UNDECLARED_SELECTOR = YES;
				GCC_WARN_UNINITIALIZED_AUTOS = YES_AGGRESSIVE;
				GCC_WARN_UNUSED_FUNCTION = YES;
				GCC_WARN_UNUSED_VARIABLE = YES;
				IPHONEOS_DEPLOYMENT_TARGET = 16.4;
				MTL_ENABLE_DEBUG_INFO = INCLUDE_SOURCE;
				MTL_FAST_MATH = YES;
				ONLY_ACTIVE_ARCH = YES;
				SDKROOT = iphoneos;
				SWIFT_ACTIVE_COMPILATION_CONDITIONS = DEBUG;
				SWIFT_OPTIMIZATION_LEVEL = "-Onone";
			};
			name = Debug;
		};
		0A3C08612A78DD9100E64B14 /* Release */ = {
			isa = XCBuildConfiguration;
			buildSettings = {
				ALWAYS_SEARCH_USER_PATHS = NO;
				CLANG_ANALYZER_NONNULL = YES;
				CLANG_ANALYZER_NUMBER_OBJECT_CONVERSION = YES_AGGRESSIVE;
				CLANG_CXX_LANGUAGE_STANDARD = "gnu++20";
				CLANG_ENABLE_MODULES = YES;
				CLANG_ENABLE_OBJC_ARC = YES;
				CLANG_ENABLE_OBJC_WEAK = YES;
				CLANG_WARN_BLOCK_CAPTURE_AUTORELEASING = YES;
				CLANG_WARN_BOOL_CONVERSION = YES;
				CLANG_WARN_COMMA = YES;
				CLANG_WARN_CONSTANT_CONVERSION = YES;
				CLANG_WARN_DEPRECATED_OBJC_IMPLEMENTATIONS = YES;
				CLANG_WARN_DIRECT_OBJC_ISA_USAGE = YES_ERROR;
				CLANG_WARN_DOCUMENTATION_COMMENTS = YES;
				CLANG_WARN_EMPTY_BODY = YES;
				CLANG_WARN_ENUM_CONVERSION = YES;
				CLANG_WARN_INFINITE_RECURSION = YES;
				CLANG_WARN_INT_CONVERSION = YES;
				CLANG_WARN_NON_LITERAL_NULL_CONVERSION = YES;
				CLANG_WARN_OBJC_IMPLICIT_RETAIN_SELF = YES;
				CLANG_WARN_OBJC_LITERAL_CONVERSION = YES;
				CLANG_WARN_OBJC_ROOT_CLASS = YES_ERROR;
				CLANG_WARN_QUOTED_INCLUDE_IN_FRAMEWORK_HEADER = YES;
				CLANG_WARN_RANGE_LOOP_ANALYSIS = YES;
				CLANG_WARN_STRICT_PROTOTYPES = YES;
				CLANG_WARN_SUSPICIOUS_MOVE = YES;
				CLANG_WARN_UNGUARDED_AVAILABILITY = YES_AGGRESSIVE;
				CLANG_WARN_UNREACHABLE_CODE = YES;
				CLANG_WARN__DUPLICATE_METHOD_MATCH = YES;
				COPY_PHASE_STRIP = NO;
				DEBUG_INFORMATION_FORMAT = "dwarf-with-dsym";
				ENABLE_NS_ASSERTIONS = NO;
				ENABLE_STRICT_OBJC_MSGSEND = YES;
				GCC_C_LANGUAGE_STANDARD = gnu11;
				GCC_NO_COMMON_BLOCKS = YES;
				GCC_WARN_64_TO_32_BIT_CONVERSION = YES;
				GCC_WARN_ABOUT_RETURN_TYPE = YES_ERROR;
				GCC_WARN_UNDECLARED_SELECTOR = YES;
				GCC_WARN_UNINITIALIZED_AUTOS = YES_AGGRESSIVE;
				GCC_WARN_UNUSED_FUNCTION = YES;
				GCC_WARN_UNUSED_VARIABLE = YES;
				IPHONEOS_DEPLOYMENT_TARGET = 16.4;
				MTL_ENABLE_DEBUG_INFO = NO;
				MTL_FAST_MATH = YES;
				SDKROOT = iphoneos;
				SWIFT_COMPILATION_MODE = wholemodule;
				SWIFT_OPTIMIZATION_LEVEL = "-O";
				VALIDATE_PRODUCT = YES;
			};
			name = Release;
		};
		0A3C08632A78DD9100E64B14 /* Debug */ = {
			isa = XCBuildConfiguration;
			buildSettings = {
				ASSETCATALOG_COMPILER_APPICON_NAME = AppIcon;
				ASSETCATALOG_COMPILER_GLOBAL_ACCENT_COLOR_NAME = AccentColor;
				CODE_SIGN_STYLE = Automatic;
				CURRENT_PROJECT_VERSION = 1;
				DEVELOPMENT_ASSET_PATHS = "\"PiggyWings/Preview Content\"";
				DEVELOPMENT_TEAM = 8QWS9YWJH4;
				ENABLE_PREVIEWS = YES;
				GENERATE_INFOPLIST_FILE = YES;
				INFOPLIST_KEY_UIApplicationSceneManifest_Generation = YES;
				INFOPLIST_KEY_UIApplicationSupportsIndirectInputEvents = YES;
				INFOPLIST_KEY_UILaunchScreen_Generation = YES;
				INFOPLIST_KEY_UISupportedInterfaceOrientations_iPad = "UIInterfaceOrientationPortrait UIInterfaceOrientationPortraitUpsideDown UIInterfaceOrientationLandscapeLeft UIInterfaceOrientationLandscapeRight";
				INFOPLIST_KEY_UISupportedInterfaceOrientations_iPhone = "UIInterfaceOrientationPortrait UIInterfaceOrientationLandscapeLeft UIInterfaceOrientationLandscapeRight";
				LD_RUNPATH_SEARCH_PATHS = (
					"$(inherited)",
					"@executable_path/Frameworks",
				);
				MARKETING_VERSION = 1.0;
				PRODUCT_BUNDLE_IDENTIFIER = com.JacobsApp.PiggyWings;
				PRODUCT_NAME = "$(TARGET_NAME)";
				SWIFT_EMIT_LOC_STRINGS = YES;
				SWIFT_VERSION = 5.0;
				TARGETED_DEVICE_FAMILY = "1,2";
			};
			name = Debug;
		};
		0A3C08642A78DD9100E64B14 /* Release */ = {
			isa = XCBuildConfiguration;
			buildSettings = {
				ASSETCATALOG_COMPILER_APPICON_NAME = AppIcon;
				ASSETCATALOG_COMPILER_GLOBAL_ACCENT_COLOR_NAME = AccentColor;
				CODE_SIGN_STYLE = Automatic;
				CURRENT_PROJECT_VERSION = 1;
				DEVELOPMENT_ASSET_PATHS = "\"PiggyWings/Preview Content\"";
				DEVELOPMENT_TEAM = 8QWS9YWJH4;
				ENABLE_PREVIEWS = YES;
				GENERATE_INFOPLIST_FILE = YES;
				INFOPLIST_KEY_UIApplicationSceneManifest_Generation = YES;
				INFOPLIST_KEY_UIApplicationSupportsIndirectInputEvents = YES;
				INFOPLIST_KEY_UILaunchScreen_Generation = YES;
				INFOPLIST_KEY_UISupportedInterfaceOrientations_iPad = "UIInterfaceOrientationPortrait UIInterfaceOrientationPortraitUpsideDown UIInterfaceOrientationLandscapeLeft UIInterfaceOrientationLandscapeRight";
				INFOPLIST_KEY_UISupportedInterfaceOrientations_iPhone = "UIInterfaceOrientationPortrait UIInterfaceOrientationLandscapeLeft UIInterfaceOrientationLandscapeRight";
				LD_RUNPATH_SEARCH_PATHS = (
					"$(inherited)",
					"@executable_path/Frameworks",
				);
				MARKETING_VERSION = 1.0;
				PRODUCT_BUNDLE_IDENTIFIER = com.JacobsApp.PiggyWings;
				PRODUCT_NAME = "$(TARGET_NAME)";
				SWIFT_EMIT_LOC_STRINGS = YES;
				SWIFT_VERSION = 5.0;
				TARGETED_DEVICE_FAMILY = "1,2";
			};
			name = Release;
		};
		0A3C08662A78DD9100E64B14 /* Debug */ = {
			isa = XCBuildConfiguration;
			buildSettings = {
				ALWAYS_EMBED_SWIFT_STANDARD_LIBRARIES = YES;
				BUNDLE_LOADER = "$(TEST_HOST)";
				CODE_SIGN_STYLE = Automatic;
				CURRENT_PROJECT_VERSION = 1;
				DEVELOPMENT_TEAM = 8QWS9YWJH4;
				GENERATE_INFOPLIST_FILE = YES;
				IPHONEOS_DEPLOYMENT_TARGET = 16.4;
				MARKETING_VERSION = 1.0;
				PRODUCT_BUNDLE_IDENTIFIER = com.JacobsApp.PiggyWingsTests;
				PRODUCT_NAME = "$(TARGET_NAME)";
				SWIFT_EMIT_LOC_STRINGS = NO;
				SWIFT_VERSION = 5.0;
				TARGETED_DEVICE_FAMILY = "1,2";
				TEST_HOST = "$(BUILT_PRODUCTS_DIR)/PiggyWings.app/$(BUNDLE_EXECUTABLE_FOLDER_PATH)/PiggyWings";
			};
			name = Debug;
		};
		0A3C08672A78DD9100E64B14 /* Release */ = {
			isa = XCBuildConfiguration;
			buildSettings = {
				ALWAYS_EMBED_SWIFT_STANDARD_LIBRARIES = YES;
				BUNDLE_LOADER = "$(TEST_HOST)";
				CODE_SIGN_STYLE = Automatic;
				CURRENT_PROJECT_VERSION = 1;
				DEVELOPMENT_TEAM = 8QWS9YWJH4;
				GENERATE_INFOPLIST_FILE = YES;
				IPHONEOS_DEPLOYMENT_TARGET = 16.4;
				MARKETING_VERSION = 1.0;
				PRODUCT_BUNDLE_IDENTIFIER = com.JacobsApp.PiggyWingsTests;
				PRODUCT_NAME = "$(TARGET_NAME)";
				SWIFT_EMIT_LOC_STRINGS = NO;
				SWIFT_VERSION = 5.0;
				TARGETED_DEVICE_FAMILY = "1,2";
				TEST_HOST = "$(BUILT_PRODUCTS_DIR)/PiggyWings.app/$(BUNDLE_EXECUTABLE_FOLDER_PATH)/PiggyWings";
			};
			name = Release;
		};
		0A3C08692A78DD9100E64B14 /* Debug */ = {
			isa = XCBuildConfiguration;
			buildSettings = {
				ALWAYS_EMBED_SWIFT_STANDARD_LIBRARIES = YES;
				CODE_SIGN_STYLE = Automatic;
				CURRENT_PROJECT_VERSION = 1;
				DEVELOPMENT_TEAM = 8QWS9YWJH4;
				GENERATE_INFOPLIST_FILE = YES;
				MARKETING_VERSION = 1.0;
				PRODUCT_BUNDLE_IDENTIFIER = com.JacobsApp.PiggyWingsUITests;
				PRODUCT_NAME = "$(TARGET_NAME)";
				SWIFT_EMIT_LOC_STRINGS = NO;
				SWIFT_VERSION = 5.0;
				TARGETED_DEVICE_FAMILY = "1,2";
				TEST_TARGET_NAME = PiggyWings;
			};
			name = Debug;
		};
		0A3C086A2A78DD9100E64B14 /* Release */ = {
			isa = XCBuildConfiguration;
			buildSettings = {
				ALWAYS_EMBED_SWIFT_STANDARD_LIBRARIES = YES;
				CODE_SIGN_STYLE = Automatic;
				CURRENT_PROJECT_VERSION = 1;
				DEVELOPMENT_TEAM = 8QWS9YWJH4;
				GENERATE_INFOPLIST_FILE = YES;
				MARKETING_VERSION = 1.0;
				PRODUCT_BUNDLE_IDENTIFIER = com.JacobsApp.PiggyWingsUITests;
				PRODUCT_NAME = "$(TARGET_NAME)";
				SWIFT_EMIT_LOC_STRINGS = NO;
				SWIFT_VERSION = 5.0;
				TARGETED_DEVICE_FAMILY = "1,2";
				TEST_TARGET_NAME = PiggyWings;
			};
			name = Release;
		};
/* End XCBuildConfiguration section */

/* Begin XCConfigurationList section */
		0A3C08342A78DD8F00E64B14 /* Build configuration list for PBXProject "PiggyWings" */ = {
			isa = XCConfigurationList;
			buildConfigurations = (
				0A3C08602A78DD9100E64B14 /* Debug */,
				0A3C08612A78DD9100E64B14 /* Release */,
			);
			defaultConfigurationIsVisible = 0;
			defaultConfigurationName = Release;
		};
		0A3C08622A78DD9100E64B14 /* Build configuration list for PBXNativeTarget "PiggyWings" */ = {
			isa = XCConfigurationList;
			buildConfigurations = (
				0A3C08632A78DD9100E64B14 /* Debug */,
				0A3C08642A78DD9100E64B14 /* Release */,
			);
			defaultConfigurationIsVisible = 0;
			defaultConfigurationName = Release;
		};
		0A3C08652A78DD9100E64B14 /* Build configuration list for PBXNativeTarget "PiggyWingsTests" */ = {
			isa = XCConfigurationList;
			buildConfigurations = (
				0A3C08662A78DD9100E64B14 /* Debug */,
				0A3C08672A78DD9100E64B14 /* Release */,
			);
			defaultConfigurationIsVisible = 0;
			defaultConfigurationName = Release;
		};
		0A3C08682A78DD9100E64B14 /* Build configuration list for PBXNativeTarget "PiggyWingsUITests" */ = {
			isa = XCConfigurationList;
			buildConfigurations = (
				0A3C08692A78DD9100E64B14 /* Debug */,
				0A3C086A2A78DD9100E64B14 /* Release */,
			);
			defaultConfigurationIsVisible = 0;
			defaultConfigurationName = Release;
		};
/* End XCConfigurationList section */

/* Begin XCVersionGroup section */
		0A3C08472A78DD9100E64B14 /* PiggyWings.xcdatamodeld */ = {
			isa = XCVersionGroup;
			children = (
				0A3C08482A78DD9100E64B14 /* PiggyWings.xcdatamodel */,
			);
			currentVersion = 0A3C08482A78DD9100E64B14 /* PiggyWings.xcdatamodel */;
			path = PiggyWings.xcdatamodeld;
			sourceTree = "<group>";
			versionGroupType = wrapper.xcdatamodel;
		};
/* End XCVersionGroup section */
	};
	rootObject = 0A3C08312A78DD8F00E64B14 /* Project object */;
}
